{
  "version": 4,
  "terraform_version": "1.10.5",
  "serial": 65,
  "lineage": "5a572d9e-81ae-f98f-fc54-1fcf373e5932",
  "outputs": {
    "key_name": {
      "value": "ssh-mensagl-2025-josems",
      "type": "string"
    },
    "private_key": {
      "value": "-----BEGIN RSA PRIVATE KEY-----\nMIIEowIBAAKCAQEAySP7srvwWIbJsnrY/tDwCWQY21rOkC5Sxhc3bJg8zrOXMqpW\nBKSpmNCHlt4Vxk2slm3RWJBvDVcmcomr6/7kAPkTAeN8hnhQurbCbCxsakqMlry3\nnwnIx6xTMLlWSMypYp1/HhJNlWtIPX4NfXRX6E39hip3bQi2xEqJzPyXb49OjAdT\n/QkAd1Mms+i/ty43ZIM4iF13jqCJTEafKdnZsPE+wkrSjaw5H7DyxgBayWEYb+Fw\nuUXOvwbaLVcp5DJ8BUMeoO0P7uaY7XKZs+BWMc78ZMMLPZYho9VmyDsjFwInhlbL\nAmsedRaOWFssOUI9Cbjg9WsZccx3QSeHxO91wwIDAQABAoIBAH+vMwG0Yo+gCPwf\nFg80jZw4ibr9+zD15x/O7yUlwzwoL2w/S1mpOexDPD+efc4j0tKvpfyFu6mJUGPX\nV2b5qL2hX9qMEam/SOguSl+nF6+l4XdzF1GDQYzXrPu6O7b9DO4IMwDg95VJxFMc\n6O1h5MgYcj8wSB3UMUmMU8vn8S4kd8VumAdpDpVJqxCyjj7AhYxUQ+W4S1HolTg3\nQwbNB+nwdrlmZIUhRFdyBgwLm/XR/reZjsSz8PLFAgGg8X7yAtkYu/4gCZRfWLP1\ntayZGhGOS8EH/mK4OP+DCD9SkYuhbMZB6r7Pz2MSGvXjQXdwvFzoxgZPtHQSrkEq\n1cwWCdkCgYEA4AVQ7qkCDaVRhvrYLZgnqb5hyxHEXWy4fdbeE537d/WbznyY1Bvv\n9FGLNIyyx1XUnId/tJaJxgXSR3a+SDJ+/hRvUbuJiw2Bo+srfc7Om7S5c8KWgk4s\nreOi1PW87gGZOlzNHTdh4o9u5qjbhcZ/jBkBc4m16yLu9pkD34esap0CgYEA5dqG\nllJUCdNm0H+pdvhx+K6hK7uTlqB4Xz0KTeON5zYo1BZhjQ1kqO3V0EC9C3obyx97\n2pTD1rdu9tAadY4QTIDuJ6QhuPj+POQcev5l5ZIYgpOXij3SLChWaJR3w/udb+MY\ndmCSmFvdaTQ1LfXbhXf8ZSmPcYqgUsviQ+Pdw98CgYAZwaK3fekFhp9kBI08WMUe\nqAv4XBeWojxoA39PBBf4h92dFQhBQuEI1yNJLHAVqRGj2ZReP/yhLuQpYUapaFzf\ne5v86rH6sdfY7931PgTVNCcqXxIM804BxC1hjMtnFfn3EtpmZIq1kMYwcPOkYtkh\nU3KuRQQMf9y3r4oZdjDlpQKBgF+VKQSXxdS0MXwgqmML27EzRVh/T1eC8auBIajU\nKO1uKzpO+FAEsshA5voMAdEk/SvRstpppKrEawN99JLP+d0mfGLFsTRPbsH5hhJr\negomX8TlBU56eMzeFVi17Lv2BTlC8ahAbpWnFgKqsDall50AEVgsGTd5E0R6/mOG\n/XB3AoGBAKkrSf0DvEMJjDy4bGEpp/Lz7Arl+EYDTTJusilt1mdp9dHiw2fNL50a\n8ok1bWoF7J35kEtnyAwYkdsolmbvCRnMuVMyfzrpVdeaU4hkvoLWUcnb7rd0ZkH/\n6R+ckTIPej4sK6oujS4Cpurs0/y2sR4hNpe5VqIZJRjiwlp3HHPY\n-----END RSA PRIVATE KEY-----\n",
      "type": "string",
      "sensitive": true
    }
  },
  "resources": [
    {
      "mode": "managed",
      "type": "aws_db_instance",
      "name": "MySQL_Wordpress",
      "provider": "provider[\"registry.terraform.io/hashicorp/aws\"]",
      "instances": [
        {
          "status": "tainted",
          "schema_version": 2,
          "attributes": {
            "address": null,
            "allocated_storage": 10,
            "allow_major_version_upgrade": null,
            "apply_immediately": false,
            "arn": null,
            "auto_minor_version_upgrade": true,
            "availability_zone": "us-east-1b",
            "backup_retention_period": 30,
            "backup_target": null,
            "backup_window": null,
            "blue_green_update": [],
            "ca_cert_identifier": null,
            "character_set_name": null,
            "copy_tags_to_snapshot": false,
            "custom_iam_instance_profile": null,
            "customer_owned_ip_enabled": null,
            "db_name": "wordpress",
            "db_subnet_group_name": "mysql_subnet_group",
            "dedicated_log_volume": false,
            "delete_automated_backups": true,
            "deletion_protection": null,
            "domain": null,
            "domain_auth_secret_arn": null,
            "domain_dns_ips": null,
            "domain_fqdn": null,
            "domain_iam_role_name": null,
            "domain_ou": null,
            "enabled_cloudwatch_logs_exports": null,
            "endpoint": null,
            "engine": "mysql",
            "engine_lifecycle_support": null,
            "engine_version": "8.0",
            "engine_version_actual": null,
            "final_snapshot_identifier": null,
            "hosted_zone_id": null,
            "iam_database_authentication_enabled": null,
            "id": "db-2KA2J4STPOM77GMIZKMN3PD7SY",
            "identifier": "mysql-wordpress",
            "identifier_prefix": null,
            "instance_class": "db.t3.medium",
            "iops": null,
            "kms_key_id": "arn:aws:kms:us-east-1:776774896323:key/6123efba-faa0-47c0-956f-3d31ee02c605",
            "latest_restorable_time": null,
            "license_model": null,
            "listener_endpoint": null,
            "maintenance_window": null,
            "manage_master_user_password": null,
            "master_user_secret": null,
            "master_user_secret_kms_key_id": null,
            "max_allocated_storage": null,
            "monitoring_interval": 0,
            "monitoring_role_arn": null,
            "multi_az": false,
            "nchar_character_set_name": null,
            "network_type": null,
            "option_group_name": null,
            "parameter_group_name": null,
            "password": "_Admin123",
            "performance_insights_enabled": false,
            "performance_insights_kms_key_id": null,
            "performance_insights_retention_period": null,
            "port": null,
            "publicly_accessible": false,
            "replica_mode": null,
            "replicas": null,
            "replicate_source_db": null,
            "resource_id": null,
            "restore_to_point_in_time": [],
            "s3_import": [],
            "skip_final_snapshot": true,
            "snapshot_identifier": null,
            "status": null,
            "storage_encrypted": true,
            "storage_throughput": null,
            "storage_type": "gp2",
            "tags": {
              "Name": "MySQL_Wordpress"
            },
            "tags_all": {
              "Name": "MySQL_Wordpress"
            },
            "timeouts": null,
            "timezone": null,
            "upgrade_storage_config": null,
            "username": "wordpress",
            "vpc_security_group_ids": [
              "sg-0d4e5445d985259cc"
            ]
          },
          "sensitive_attributes": [
            [
              {
                "type": "get_attr",
                "value": "password"
              }
            ]
          ],
          "private": "eyJlMmJmYjczMC1lY2FhLTExZTYtOGY4OC0zNDM2M2JjN2M0YzAiOnsiY3JlYXRlIjozMDAwMDAwMDAwMDAwLCJkZWxldGUiOjM2MDAwMDAwMDAwMDAsInVwZGF0ZSI6NDgwMDAwMDAwMDAwMH0sInNjaGVtYV92ZXJzaW9uIjoiMiJ9",
          "dependencies": [
            "aws_db_subnet_group.cms_subnet_group",
            "aws_kms_key.default",
            "aws_security_group.sg_mysql",
            "aws_subnet.private1",
            "aws_subnet.private2",
            "aws_vpc.main"
          ]
        }
      ]
    },
    {
      "mode": "managed",
      "type": "aws_db_subnet_group",
      "name": "cms_subnet_group",
      "provider": "provider[\"registry.terraform.io/hashicorp/aws\"]",
      "instances": [
        {
          "schema_version": 0,
          "attributes": {
            "arn": "arn:aws:rds:us-east-1:776774896323:subgrp:mysql_subnet_group",
            "description": "Managed by Terraform",
            "id": "mysql_subnet_group",
            "name": "mysql_subnet_group",
            "name_prefix": "",
            "subnet_ids": [
              "subnet-01f64d42969acbdf9",
              "subnet-077795fda2f50fbdf"
            ],
            "supported_network_types": [
              "IPV4"
            ],
            "tags": {
              "Name": "mysql-subnet-group"
            },
            "tags_all": {
              "Name": "mysql-subnet-group"
            },
            "vpc_id": "vpc-0693ea8e4d89d1fe8"
          },
          "sensitive_attributes": [],
          "private": "bnVsbA==",
          "dependencies": [
            "aws_subnet.private1",
            "aws_subnet.private2",
            "aws_vpc.main"
          ]
        }
      ]
    },
    {
      "mode": "managed",
      "type": "aws_ebs_volume",
      "name": "volume1",
      "provider": "provider[\"registry.terraform.io/hashicorp/aws\"]",
      "instances": [
        {
          "schema_version": 0,
          "attributes": {
            "arn": "arn:aws:ec2:us-east-1:776774896323:volume/vol-0a931101b82a04736",
            "availability_zone": "us-east-1a",
            "encrypted": false,
            "final_snapshot": false,
            "id": "vol-0a931101b82a04736",
            "iops": 100,
            "kms_key_id": "",
            "multi_attach_enabled": false,
            "outpost_arn": "",
            "size": 20,
            "snapshot_id": "",
            "tags": {
              "Name": "backup-volume-1-josems"
            },
            "tags_all": {
              "Name": "backup-volume-1-josems"
            },
            "throughput": 0,
            "timeouts": null,
            "type": "gp2"
          },
          "sensitive_attributes": [],
          "private": "eyJlMmJmYjczMC1lY2FhLTExZTYtOGY4OC0zNDM2M2JjN2M0YzAiOnsiY3JlYXRlIjozMDAwMDAwMDAwMDAsImRlbGV0ZSI6NjAwMDAwMDAwMDAwLCJ1cGRhdGUiOjMwMDAwMDAwMDAwMH19"
        }
      ]
    },
    {
      "mode": "managed",
      "type": "aws_ebs_volume",
      "name": "volume2",
      "provider": "provider[\"registry.terraform.io/hashicorp/aws\"]",
      "instances": [
        {
          "schema_version": 0,
          "attributes": {
            "arn": "arn:aws:ec2:us-east-1:776774896323:volume/vol-0122c1a7a9777eaf8",
            "availability_zone": "us-east-1a",
            "encrypted": false,
            "final_snapshot": false,
            "id": "vol-0122c1a7a9777eaf8",
            "iops": 100,
            "kms_key_id": "",
            "multi_attach_enabled": false,
            "outpost_arn": "",
            "size": 20,
            "snapshot_id": "",
            "tags": {
              "Name": "backup-volume-2-josems"
            },
            "tags_all": {
              "Name": "backup-volume-2-josems"
            },
            "throughput": 0,
            "timeouts": null,
            "type": "gp2"
          },
          "sensitive_attributes": [],
          "private": "eyJlMmJmYjczMC1lY2FhLTExZTYtOGY4OC0zNDM2M2JjN2M0YzAiOnsiY3JlYXRlIjozMDAwMDAwMDAwMDAsImRlbGV0ZSI6NjAwMDAwMDAwMDAwLCJ1cGRhdGUiOjMwMDAwMDAwMDAwMH19"
        }
      ]
    },
    {
      "mode": "managed",
      "type": "aws_eip",
      "name": "nat",
      "provider": "provider[\"registry.terraform.io/hashicorp/aws\"]",
      "instances": [
        {
          "schema_version": 0,
          "attributes": {
            "address": null,
            "allocation_id": "eipalloc-07882c554c2baf08c",
            "arn": "arn:aws:ec2:us-east-1:776774896323:elastic-ip/eipalloc-07882c554c2baf08c",
            "associate_with_private_ip": null,
            "association_id": "",
            "carrier_ip": "",
            "customer_owned_ip": "",
            "customer_owned_ipv4_pool": "",
            "domain": "vpc",
            "id": "eipalloc-07882c554c2baf08c",
            "instance": "",
            "ipam_pool_id": null,
            "network_border_group": "us-east-1",
            "network_interface": "",
            "private_dns": null,
            "private_ip": "",
            "ptr_record": "",
            "public_dns": "ec2-204-236-193-148.compute-1.amazonaws.com",
            "public_ip": "204.236.193.148",
            "public_ipv4_pool": "amazon",
            "tags": {
              "Name": "vpc-mensagl-2025-josems-eip"
            },
            "tags_all": {
              "Name": "vpc-mensagl-2025-josems-eip"
            },
            "timeouts": null,
            "vpc": true
          },
          "sensitive_attributes": [],
          "private": "eyJlMmJmYjczMC1lY2FhLTExZTYtOGY4OC0zNDM2M2JjN2M0YzAiOnsiZGVsZXRlIjoxODAwMDAwMDAwMDAsInJlYWQiOjkwMDAwMDAwMDAwMCwidXBkYXRlIjozMDAwMDAwMDAwMDB9fQ=="
        }
      ]
    },
    {
      "mode": "managed",
      "type": "aws_instance",
      "name": "nginx",
      "provider": "provider[\"registry.terraform.io/hashicorp/aws\"]",
      "instances": [
        {
          "status": "tainted",
          "schema_version": 1,
          "attributes": {
            "ami": "ami-053b0d53c279acc90",
            "arn": "arn:aws:ec2:us-east-1:776774896323:instance/i-0ae4256dc737d5fc0",
            "associate_public_ip_address": true,
            "availability_zone": "us-east-1a",
            "capacity_reservation_specification": [
              {
                "capacity_reservation_preference": "open",
                "capacity_reservation_target": []
              }
            ],
            "cpu_core_count": 1,
            "cpu_options": [
              {
                "amd_sev_snp": "",
                "core_count": 1,
                "threads_per_core": 1
              }
            ],
            "cpu_threads_per_core": 1,
            "credit_specification": [
              {
                "cpu_credits": "standard"
              }
            ],
            "disable_api_stop": false,
            "disable_api_termination": false,
            "ebs_block_device": [],
            "ebs_optimized": false,
            "enable_primary_ipv6": null,
            "enclave_options": [
              {
                "enabled": false
              }
            ],
            "ephemeral_block_device": [],
            "get_password_data": false,
            "hibernation": false,
            "host_id": "",
            "host_resource_group_arn": null,
            "iam_instance_profile": "",
            "id": "i-0ae4256dc737d5fc0",
            "instance_initiated_shutdown_behavior": "stop",
            "instance_lifecycle": "",
            "instance_market_options": [],
            "instance_state": "running",
            "instance_type": "t2.micro",
            "ipv6_address_count": 0,
            "ipv6_addresses": [],
            "key_name": "ssh-mensagl-2025-josems",
            "launch_template": [],
            "maintenance_options": [
              {
                "auto_recovery": "default"
              }
            ],
            "metadata_options": [
              {
                "http_endpoint": "enabled",
                "http_protocol_ipv6": "disabled",
                "http_put_response_hop_limit": 1,
                "http_tokens": "optional",
                "instance_metadata_tags": "disabled"
              }
            ],
            "monitoring": false,
            "network_interface": [],
            "outpost_arn": "",
            "password_data": "",
            "placement_group": "",
            "placement_partition_number": 0,
            "primary_network_interface_id": "eni-0d6a9b949512b78ea",
            "private_dns": "ip-10-217-1-10.ec2.internal",
            "private_dns_name_options": [
              {
                "enable_resource_name_dns_a_record": false,
                "enable_resource_name_dns_aaaa_record": false,
                "hostname_type": "ip-name"
              }
            ],
            "private_ip": "10.217.1.10",
            "public_dns": "ec2-34-201-123-201.compute-1.amazonaws.com",
            "public_ip": "34.201.123.201",
            "root_block_device": [
              {
                "delete_on_termination": true,
                "device_name": "/dev/sda1",
                "encrypted": false,
                "iops": 100,
                "kms_key_id": "",
                "tags": {},
                "tags_all": {},
                "throughput": 0,
                "volume_id": "vol-049b5cc2992e30107",
                "volume_size": 8,
                "volume_type": "gp2"
              }
            ],
            "secondary_private_ips": [],
            "security_groups": [],
            "source_dest_check": true,
            "spot_instance_request_id": "",
            "subnet_id": "subnet-00a0b18598a612552",
            "tags": {
              "Name": "Nginx"
            },
            "tags_all": {
              "Name": "Nginx"
            },
            "tenancy": "default",
            "timeouts": null,
            "user_data": null,
            "user_data_base64": null,
            "user_data_replace_on_change": false,
            "volume_tags": null,
            "vpc_security_group_ids": [
              "sg-028b2e3d8171f8c9f",
              "sg-02b51a1e8b0ab7145"
            ]
          },
          "sensitive_attributes": [],
          "private": "eyJlMmJmYjczMC1lY2FhLTExZTYtOGY4OC0zNDM2M2JjN2M0YzAiOnsiY3JlYXRlIjo2MDAwMDAwMDAwMDAsImRlbGV0ZSI6MTIwMDAwMDAwMDAwMCwicmVhZCI6OTAwMDAwMDAwMDAwLCJ1cGRhdGUiOjYwMDAwMDAwMDAwMH0sInNjaGVtYV92ZXJzaW9uIjoiMSJ9",
          "dependencies": [
            "aws_key_pair.ssh_key",
            "aws_security_group.sg_nginx",
            "aws_security_group.sg_xmpp",
            "aws_subnet.public1",
            "aws_vpc.main",
            "tls_private_key.ssh_key"
          ]
        }
      ]
    },
    {
      "mode": "managed",
      "type": "aws_internet_gateway",
      "name": "main",
      "provider": "provider[\"registry.terraform.io/hashicorp/aws\"]",
      "instances": [
        {
          "schema_version": 0,
          "attributes": {
            "arn": "arn:aws:ec2:us-east-1:776774896323:internet-gateway/igw-0318cdae415e9c3de",
            "id": "igw-0318cdae415e9c3de",
            "owner_id": "776774896323",
            "tags": {
              "Name": "vpc-mensagl-2025-josems-igw"
            },
            "tags_all": {
              "Name": "vpc-mensagl-2025-josems-igw"
            },
            "timeouts": null,
            "vpc_id": "vpc-0693ea8e4d89d1fe8"
          },
          "sensitive_attributes": [],
          "private": "eyJlMmJmYjczMC1lY2FhLTExZTYtOGY4OC0zNDM2M2JjN2M0YzAiOnsiY3JlYXRlIjoxMjAwMDAwMDAwMDAwLCJkZWxldGUiOjEyMDAwMDAwMDAwMDAsInVwZGF0ZSI6MTIwMDAwMDAwMDAwMH19",
          "dependencies": [
            "aws_vpc.main"
          ]
        }
      ]
    },
    {
      "mode": "managed",
      "type": "aws_key_pair",
      "name": "ssh_key",
      "provider": "provider[\"registry.terraform.io/hashicorp/aws\"]",
      "instances": [
        {
          "schema_version": 1,
          "attributes": {
            "arn": "arn:aws:ec2:us-east-1:776774896323:key-pair/ssh-mensagl-2025-josems",
            "fingerprint": "d6:43:42:87:8b:b4:72:19:db:c9:4c:ca:2c:56:96:8f",
            "id": "ssh-mensagl-2025-josems",
            "key_name": "ssh-mensagl-2025-josems",
            "key_name_prefix": "",
            "key_pair_id": "key-00a46aaeb08c8afbe",
            "key_type": "rsa",
            "public_key": "ssh-rsa AAAAB3NzaC1yc2EAAAADAQABAAABAQDJI/uyu/BYhsmyetj+0PAJZBjbWs6QLlLGFzdsmDzOs5cyqlYEpKmY0IeW3hXGTayWbdFYkG8NVyZyiavr/uQA+RMB43yGeFC6tsJsLGxqSoyWvLefCcjHrFMwuVZIzKlinX8eEk2Va0g9fg19dFfoTf2GKndtCLbESonM/Jdvj06MB1P9CQB3Uyaz6L+3LjdkgziIXXeOoIlMRp8p2dmw8T7CStKNrDkfsPLGAFrJYRhv4XC5Rc6/BtotVynkMnwFQx6g7Q/u5pjtcpmz4FYxzvxkwws9liGj1WbIOyMXAieGVssCax51Fo5YWyw5Qj0JuOD1axlxzHdBJ4fE73XD",
            "tags": null,
            "tags_all": {}
          },
          "sensitive_attributes": [],
          "private": "eyJzY2hlbWFfdmVyc2lvbiI6IjEifQ==",
          "dependencies": [
            "tls_private_key.ssh_key"
          ]
        }
      ]
    },
    {
      "mode": "managed",
      "type": "aws_kms_alias",
      "name": "rds_backup_key_alias",
      "provider": "provider[\"registry.terraform.io/hashicorp/aws\"]",
      "instances": [
        {
          "schema_version": 0,
          "attributes": {
            "arn": "arn:aws:kms:us-east-1:776774896323:alias/rds-backup-key-josems",
            "id": "alias/rds-backup-key-josems",
            "name": "alias/rds-backup-key-josems",
            "name_prefix": "",
            "target_key_arn": "arn:aws:kms:us-east-1:776774896323:key/6123efba-faa0-47c0-956f-3d31ee02c605",
            "target_key_id": "6123efba-faa0-47c0-956f-3d31ee02c605"
          },
          "sensitive_attributes": [],
          "private": "bnVsbA==",
          "dependencies": [
            "aws_kms_key.default"
          ]
        }
      ]
    },
    {
      "mode": "managed",
      "type": "aws_kms_key",
      "name": "default",
      "provider": "provider[\"registry.terraform.io/hashicorp/aws\"]",
      "instances": [
        {
          "schema_version": 0,
          "attributes": {
            "arn": "arn:aws:kms:us-east-1:776774896323:key/6123efba-faa0-47c0-956f-3d31ee02c605",
            "bypass_policy_lockout_safety_check": false,
            "custom_key_store_id": "",
            "customer_master_key_spec": "SYMMETRIC_DEFAULT",
            "deletion_window_in_days": null,
            "description": "clave de encriptacion para RDS",
            "enable_key_rotation": false,
            "id": "6123efba-faa0-47c0-956f-3d31ee02c605",
            "is_enabled": true,
            "key_id": "6123efba-faa0-47c0-956f-3d31ee02c605",
            "key_usage": "ENCRYPT_DECRYPT",
            "multi_region": false,
            "policy": "{\"Id\":\"key-default-1\",\"Statement\":[{\"Action\":\"kms:*\",\"Effect\":\"Allow\",\"Principal\":{\"AWS\":\"arn:aws:iam::776774896323:root\"},\"Resource\":\"*\",\"Sid\":\"Enable IAM User Permissions\"}],\"Version\":\"2012-10-17\"}",
            "rotation_period_in_days": 0,
            "tags": {
              "Name": "rds-backup-key-josems"
            },
            "tags_all": {
              "Name": "rds-backup-key-josems"
            },
            "timeouts": null,
            "xks_key_id": ""
          },
          "sensitive_attributes": [],
          "private": "eyJlMmJmYjczMC1lY2FhLTExZTYtOGY4OC0zNDM2M2JjN2M0YzAiOnsiY3JlYXRlIjoxMjAwMDAwMDAwMDB9fQ=="
        }
      ]
    },
    {
      "mode": "managed",
      "type": "aws_nat_gateway",
      "name": "main",
      "provider": "provider[\"registry.terraform.io/hashicorp/aws\"]",
      "instances": [
        {
          "schema_version": 0,
          "attributes": {
            "allocation_id": "eipalloc-07882c554c2baf08c",
            "association_id": "eipassoc-06b0ca18003150826",
            "connectivity_type": "public",
            "id": "nat-0ee05e0ba3d28551f",
            "network_interface_id": "eni-0760d2def964fd96f",
            "private_ip": "10.217.1.177",
            "public_ip": "204.236.193.148",
            "secondary_allocation_ids": null,
            "secondary_private_ip_address_count": 0,
            "secondary_private_ip_addresses": [],
            "subnet_id": "subnet-00a0b18598a612552",
            "tags": {
              "Name": "vpc-mensagl-2025-josems-nat"
            },
            "tags_all": {
              "Name": "vpc-mensagl-2025-josems-nat"
            },
            "timeouts": null
          },
          "sensitive_attributes": [],
          "private": "eyJlMmJmYjczMC1lY2FhLTExZTYtOGY4OC0zNDM2M2JjN2M0YzAiOnsiY3JlYXRlIjo2MDAwMDAwMDAwMDAsImRlbGV0ZSI6MTgwMDAwMDAwMDAwMCwidXBkYXRlIjo2MDAwMDAwMDAwMDB9fQ==",
          "dependencies": [
            "aws_eip.nat",
            "aws_subnet.public1",
            "aws_vpc.main"
          ]
        }
      ]
    },
    {
      "mode": "managed",
      "type": "aws_route_table",
      "name": "private1",
      "provider": "provider[\"registry.terraform.io/hashicorp/aws\"]",
      "instances": [
        {
          "schema_version": 0,
          "attributes": {
            "arn": "arn:aws:ec2:us-east-1:776774896323:route-table/rtb-0b7e191f0f7af5c0f",
            "id": "rtb-0b7e191f0f7af5c0f",
            "owner_id": "776774896323",
            "propagating_vgws": [],
            "route": [
              {
                "carrier_gateway_id": "",
                "cidr_block": "0.0.0.0/0",
                "core_network_arn": "",
                "destination_prefix_list_id": "",
                "egress_only_gateway_id": "",
                "gateway_id": "",
                "ipv6_cidr_block": "",
                "local_gateway_id": "",
                "nat_gateway_id": "nat-0ee05e0ba3d28551f",
                "network_interface_id": "",
                "transit_gateway_id": "",
                "vpc_endpoint_id": "",
                "vpc_peering_connection_id": ""
              }
            ],
            "tags": {
              "Name": "vpc-mensagl-2025-josems-rtb-private1-us-east-1a"
            },
            "tags_all": {
              "Name": "vpc-mensagl-2025-josems-rtb-private1-us-east-1a"
            },
            "timeouts": null,
            "vpc_id": "vpc-0693ea8e4d89d1fe8"
          },
          "sensitive_attributes": [],
          "private": "eyJlMmJmYjczMC1lY2FhLTExZTYtOGY4OC0zNDM2M2JjN2M0YzAiOnsiY3JlYXRlIjozMDAwMDAwMDAwMDAsImRlbGV0ZSI6MzAwMDAwMDAwMDAwLCJ1cGRhdGUiOjEyMDAwMDAwMDAwMH19",
          "dependencies": [
            "aws_eip.nat",
            "aws_nat_gateway.main",
            "aws_subnet.public1",
            "aws_vpc.main"
          ]
        }
      ]
    },
    {
      "mode": "managed",
      "type": "aws_route_table",
      "name": "private2",
      "provider": "provider[\"registry.terraform.io/hashicorp/aws\"]",
      "instances": [
        {
          "schema_version": 0,
          "attributes": {
            "arn": "arn:aws:ec2:us-east-1:776774896323:route-table/rtb-07e1279dd35b8c917",
            "id": "rtb-07e1279dd35b8c917",
            "owner_id": "776774896323",
            "propagating_vgws": [],
            "route": [
              {
                "carrier_gateway_id": "",
                "cidr_block": "0.0.0.0/0",
                "core_network_arn": "",
                "destination_prefix_list_id": "",
                "egress_only_gateway_id": "",
                "gateway_id": "",
                "ipv6_cidr_block": "",
                "local_gateway_id": "",
                "nat_gateway_id": "nat-0ee05e0ba3d28551f",
                "network_interface_id": "",
                "transit_gateway_id": "",
                "vpc_endpoint_id": "",
                "vpc_peering_connection_id": ""
              }
            ],
            "tags": {
              "Name": "vpc-mensagl-2025-josems-rtb-private2-us-east-1b"
            },
            "tags_all": {
              "Name": "vpc-mensagl-2025-josems-rtb-private2-us-east-1b"
            },
            "timeouts": null,
            "vpc_id": "vpc-0693ea8e4d89d1fe8"
          },
          "sensitive_attributes": [],
          "private": "eyJlMmJmYjczMC1lY2FhLTExZTYtOGY4OC0zNDM2M2JjN2M0YzAiOnsiY3JlYXRlIjozMDAwMDAwMDAwMDAsImRlbGV0ZSI6MzAwMDAwMDAwMDAwLCJ1cGRhdGUiOjEyMDAwMDAwMDAwMH19",
          "dependencies": [
            "aws_eip.nat",
            "aws_nat_gateway.main",
            "aws_subnet.public1",
            "aws_vpc.main"
          ]
        }
      ]
    },
    {
      "mode": "managed",
      "type": "aws_route_table",
      "name": "public",
      "provider": "provider[\"registry.terraform.io/hashicorp/aws\"]",
      "instances": [
        {
          "schema_version": 0,
          "attributes": {
            "arn": "arn:aws:ec2:us-east-1:776774896323:route-table/rtb-0d2b824296e450a5b",
            "id": "rtb-0d2b824296e450a5b",
            "owner_id": "776774896323",
            "propagating_vgws": [],
            "route": [
              {
                "carrier_gateway_id": "",
                "cidr_block": "0.0.0.0/0",
                "core_network_arn": "",
                "destination_prefix_list_id": "",
                "egress_only_gateway_id": "",
                "gateway_id": "igw-0318cdae415e9c3de",
                "ipv6_cidr_block": "",
                "local_gateway_id": "",
                "nat_gateway_id": "",
                "network_interface_id": "",
                "transit_gateway_id": "",
                "vpc_endpoint_id": "",
                "vpc_peering_connection_id": ""
              }
            ],
            "tags": {
              "Name": "vpc-mensagl-2025-josems-rtb-public"
            },
            "tags_all": {
              "Name": "vpc-mensagl-2025-josems-rtb-public"
            },
            "timeouts": null,
            "vpc_id": "vpc-0693ea8e4d89d1fe8"
          },
          "sensitive_attributes": [],
          "private": "eyJlMmJmYjczMC1lY2FhLTExZTYtOGY4OC0zNDM2M2JjN2M0YzAiOnsiY3JlYXRlIjozMDAwMDAwMDAwMDAsImRlbGV0ZSI6MzAwMDAwMDAwMDAwLCJ1cGRhdGUiOjEyMDAwMDAwMDAwMH19",
          "dependencies": [
            "aws_internet_gateway.main",
            "aws_vpc.main"
          ]
        }
      ]
    },
    {
      "mode": "managed",
      "type": "aws_route_table_association",
      "name": "assoc_private1",
      "provider": "provider[\"registry.terraform.io/hashicorp/aws\"]",
      "instances": [
        {
          "schema_version": 0,
          "attributes": {
            "gateway_id": "",
            "id": "rtbassoc-0415441ee1d7c99d6",
            "route_table_id": "rtb-0b7e191f0f7af5c0f",
            "subnet_id": "subnet-01f64d42969acbdf9",
            "timeouts": null
          },
          "sensitive_attributes": [],
          "private": "eyJlMmJmYjczMC1lY2FhLTExZTYtOGY4OC0zNDM2M2JjN2M0YzAiOnsiY3JlYXRlIjozMDAwMDAwMDAwMDAsImRlbGV0ZSI6MzAwMDAwMDAwMDAwLCJ1cGRhdGUiOjEyMDAwMDAwMDAwMH19",
          "dependencies": [
            "aws_eip.nat",
            "aws_nat_gateway.main",
            "aws_route_table.private1",
            "aws_subnet.private1",
            "aws_subnet.public1",
            "aws_vpc.main"
          ]
        }
      ]
    },
    {
      "mode": "managed",
      "type": "aws_route_table_association",
      "name": "assoc_private2",
      "provider": "provider[\"registry.terraform.io/hashicorp/aws\"]",
      "instances": [
        {
          "schema_version": 0,
          "attributes": {
            "gateway_id": "",
            "id": "rtbassoc-0ee2acbaa0bf94812",
            "route_table_id": "rtb-07e1279dd35b8c917",
            "subnet_id": "subnet-077795fda2f50fbdf",
            "timeouts": null
          },
          "sensitive_attributes": [],
          "private": "eyJlMmJmYjczMC1lY2FhLTExZTYtOGY4OC0zNDM2M2JjN2M0YzAiOnsiY3JlYXRlIjozMDAwMDAwMDAwMDAsImRlbGV0ZSI6MzAwMDAwMDAwMDAwLCJ1cGRhdGUiOjEyMDAwMDAwMDAwMH19",
          "dependencies": [
            "aws_eip.nat",
            "aws_nat_gateway.main",
            "aws_route_table.private2",
            "aws_subnet.private2",
            "aws_subnet.public1",
            "aws_vpc.main"
          ]
        }
      ]
    },
    {
      "mode": "managed",
      "type": "aws_route_table_association",
      "name": "assoc_public1",
      "provider": "provider[\"registry.terraform.io/hashicorp/aws\"]",
      "instances": [
        {
          "schema_version": 0,
          "attributes": {
            "gateway_id": "",
            "id": "rtbassoc-0651aecfaf864a5bf",
            "route_table_id": "rtb-0d2b824296e450a5b",
            "subnet_id": "subnet-00a0b18598a612552",
            "timeouts": null
          },
          "sensitive_attributes": [],
          "private": "eyJlMmJmYjczMC1lY2FhLTExZTYtOGY4OC0zNDM2M2JjN2M0YzAiOnsiY3JlYXRlIjozMDAwMDAwMDAwMDAsImRlbGV0ZSI6MzAwMDAwMDAwMDAwLCJ1cGRhdGUiOjEyMDAwMDAwMDAwMH19",
          "dependencies": [
            "aws_internet_gateway.main",
            "aws_route_table.public",
            "aws_subnet.public1",
            "aws_vpc.main"
          ]
        }
      ]
    },
    {
      "mode": "managed",
      "type": "aws_security_group",
      "name": "sg_cms",
      "provider": "provider[\"registry.terraform.io/hashicorp/aws\"]",
      "instances": [
        {
          "schema_version": 1,
          "attributes": {
            "arn": "arn:aws:ec2:us-east-1:776774896323:security-group/sg-01feaa12c760f8449",
            "description": "Security group for CMS cluster",
            "egress": [
              {
                "cidr_blocks": [
                  "0.0.0.0/0"
                ],
                "description": "",
                "from_port": 0,
                "ipv6_cidr_blocks": [],
                "prefix_list_ids": [],
                "protocol": "-1",
                "security_groups": [],
                "self": false,
                "to_port": 0
              }
            ],
            "id": "sg-01feaa12c760f8449",
            "ingress": [
              {
                "cidr_blocks": [
                  "0.0.0.0/0"
                ],
                "description": "",
                "from_port": 22,
                "ipv6_cidr_blocks": [],
                "prefix_list_ids": [],
                "protocol": "tcp",
                "security_groups": [],
                "self": false,
                "to_port": 22
              },
              {
                "cidr_blocks": [
                  "0.0.0.0/0"
                ],
                "description": "",
                "from_port": 443,
                "ipv6_cidr_blocks": [],
                "prefix_list_ids": [],
                "protocol": "tcp",
                "security_groups": [],
                "self": false,
                "to_port": 443
              },
              {
                "cidr_blocks": [
                  "0.0.0.0/0"
                ],
                "description": "",
                "from_port": 80,
                "ipv6_cidr_blocks": [],
                "prefix_list_ids": [],
                "protocol": "tcp",
                "security_groups": [],
                "self": false,
                "to_port": 80
              }
            ],
            "name": "sg_cms",
            "name_prefix": "",
            "owner_id": "776774896323",
            "revoke_rules_on_delete": false,
            "tags": {
              "Name": "sg_cms"
            },
            "tags_all": {
              "Name": "sg_cms"
            },
            "timeouts": null,
            "vpc_id": "vpc-0693ea8e4d89d1fe8"
          },
          "sensitive_attributes": [],
          "private": "eyJlMmJmYjczMC1lY2FhLTExZTYtOGY4OC0zNDM2M2JjN2M0YzAiOnsiY3JlYXRlIjo2MDAwMDAwMDAwMDAsImRlbGV0ZSI6OTAwMDAwMDAwMDAwfSwic2NoZW1hX3ZlcnNpb24iOiIxIn0=",
          "dependencies": [
            "aws_vpc.main"
          ]
        }
      ]
    },
    {
      "mode": "managed",
      "type": "aws_security_group",
      "name": "sg_mysql",
      "provider": "provider[\"registry.terraform.io/hashicorp/aws\"]",
      "instances": [
        {
          "schema_version": 1,
          "attributes": {
            "arn": "arn:aws:ec2:us-east-1:776774896323:security-group/sg-0d4e5445d985259cc",
            "description": "Grupo de seguridad para MySQL",
            "egress": [
              {
                "cidr_blocks": [
                  "0.0.0.0/0"
                ],
                "description": "",
                "from_port": 0,
                "ipv6_cidr_blocks": [],
                "prefix_list_ids": [],
                "protocol": "-1",
                "security_groups": [],
                "self": false,
                "to_port": 0
              }
            ],
            "id": "sg-0d4e5445d985259cc",
            "ingress": [
              {
                "cidr_blocks": [
                  "0.0.0.0/0"
                ],
                "description": "",
                "from_port": 22,
                "ipv6_cidr_blocks": [],
                "prefix_list_ids": [],
                "protocol": "tcp",
                "security_groups": [],
                "self": false,
                "to_port": 22
              },
              {
                "cidr_blocks": [
                  "0.0.0.0/0"
                ],
                "description": "",
                "from_port": 3306,
                "ipv6_cidr_blocks": [],
                "prefix_list_ids": [],
                "protocol": "tcp",
                "security_groups": [],
                "self": false,
                "to_port": 3306
              }
            ],
            "name": "sg_mysql",
            "name_prefix": "",
            "owner_id": "776774896323",
            "revoke_rules_on_delete": false,
            "tags": {
              "Name": "sg_mysql"
            },
            "tags_all": {
              "Name": "sg_mysql"
            },
            "timeouts": null,
            "vpc_id": "vpc-0693ea8e4d89d1fe8"
          },
          "sensitive_attributes": [],
          "private": "eyJlMmJmYjczMC1lY2FhLTExZTYtOGY4OC0zNDM2M2JjN2M0YzAiOnsiY3JlYXRlIjo2MDAwMDAwMDAwMDAsImRlbGV0ZSI6OTAwMDAwMDAwMDAwfSwic2NoZW1hX3ZlcnNpb24iOiIxIn0=",
          "dependencies": [
            "aws_vpc.main"
          ]
        }
      ]
    },
    {
      "mode": "managed",
      "type": "aws_security_group",
      "name": "sg_nas",
      "provider": "provider[\"registry.terraform.io/hashicorp/aws\"]",
      "instances": [
        {
          "schema_version": 1,
          "attributes": {
            "arn": "arn:aws:ec2:us-east-1:776774896323:security-group/sg-0b0b91c3fcb56eebc",
            "description": "Grupo de seguridad para NAS",
            "egress": [
              {
                "cidr_blocks": [
                  "0.0.0.0/0"
                ],
                "description": "",
                "from_port": 0,
                "ipv6_cidr_blocks": [],
                "prefix_list_ids": [],
                "protocol": "-1",
                "security_groups": [],
                "self": false,
                "to_port": 0
              }
            ],
            "id": "sg-0b0b91c3fcb56eebc",
            "ingress": [
              {
                "cidr_blocks": [
                  "0.0.0.0/0"
                ],
                "description": "",
                "from_port": 22,
                "ipv6_cidr_blocks": [],
                "prefix_list_ids": [],
                "protocol": "tcp",
                "security_groups": [],
                "self": false,
                "to_port": 22
              }
            ],
            "name": "sg_nas",
            "name_prefix": "",
            "owner_id": "776774896323",
            "revoke_rules_on_delete": false,
            "tags": {
              "Name": "sg_nas"
            },
            "tags_all": {
              "Name": "sg_nas"
            },
            "timeouts": null,
            "vpc_id": "vpc-0693ea8e4d89d1fe8"
          },
          "sensitive_attributes": [],
          "private": "eyJlMmJmYjczMC1lY2FhLTExZTYtOGY4OC0zNDM2M2JjN2M0YzAiOnsiY3JlYXRlIjo2MDAwMDAwMDAwMDAsImRlbGV0ZSI6OTAwMDAwMDAwMDAwfSwic2NoZW1hX3ZlcnNpb24iOiIxIn0=",
          "dependencies": [
            "aws_vpc.main"
          ]
        }
      ]
    },
    {
      "mode": "managed",
      "type": "aws_security_group",
      "name": "sg_nginx",
      "provider": "provider[\"registry.terraform.io/hashicorp/aws\"]",
      "instances": [
        {
          "schema_version": 1,
          "attributes": {
            "arn": "arn:aws:ec2:us-east-1:776774896323:security-group/sg-028b2e3d8171f8c9f",
            "description": "Grupo de seguridad para nginx",
            "egress": [
              {
                "cidr_blocks": [
                  "0.0.0.0/0"
                ],
                "description": "",
                "from_port": 0,
                "ipv6_cidr_blocks": [],
                "prefix_list_ids": [],
                "protocol": "-1",
                "security_groups": [],
                "self": false,
                "to_port": 0
              }
            ],
            "id": "sg-028b2e3d8171f8c9f",
            "ingress": [
              {
                "cidr_blocks": [
                  "0.0.0.0/0"
                ],
                "description": "",
                "from_port": 22,
                "ipv6_cidr_blocks": [],
                "prefix_list_ids": [],
                "protocol": "tcp",
                "security_groups": [],
                "self": false,
                "to_port": 22
              },
              {
                "cidr_blocks": [
                  "0.0.0.0/0"
                ],
                "description": "",
                "from_port": 443,
                "ipv6_cidr_blocks": [],
                "prefix_list_ids": [],
                "protocol": "tcp",
                "security_groups": [],
                "self": false,
                "to_port": 443
              },
              {
                "cidr_blocks": [
                  "0.0.0.0/0"
                ],
                "description": "",
                "from_port": 80,
                "ipv6_cidr_blocks": [],
                "prefix_list_ids": [],
                "protocol": "tcp",
                "security_groups": [],
                "self": false,
                "to_port": 80
              },
              {
                "cidr_blocks": [
                  "10.217.0.0/16"
                ],
                "description": "",
                "from_port": 3306,
                "ipv6_cidr_blocks": [],
                "prefix_list_ids": [],
                "protocol": "tcp",
                "security_groups": [],
                "self": false,
                "to_port": 3306
              }
            ],
            "name": "sg_nginx",
            "name_prefix": "",
            "owner_id": "776774896323",
            "revoke_rules_on_delete": false,
            "tags": {
              "Name": "sg_nginx"
            },
            "tags_all": {
              "Name": "sg_nginx"
            },
            "timeouts": null,
            "vpc_id": "vpc-0693ea8e4d89d1fe8"
          },
          "sensitive_attributes": [],
          "private": "eyJlMmJmYjczMC1lY2FhLTExZTYtOGY4OC0zNDM2M2JjN2M0YzAiOnsiY3JlYXRlIjo2MDAwMDAwMDAwMDAsImRlbGV0ZSI6OTAwMDAwMDAwMDAwfSwic2NoZW1hX3ZlcnNpb24iOiIxIn0=",
          "dependencies": [
            "aws_vpc.main"
          ]
        }
      ]
    },
    {
      "mode": "managed",
      "type": "aws_security_group",
      "name": "sg_xmpp",
      "provider": "provider[\"registry.terraform.io/hashicorp/aws\"]",
      "instances": [
        {
          "schema_version": 1,
          "attributes": {
            "arn": "arn:aws:ec2:us-east-1:776774896323:security-group/sg-02b51a1e8b0ab7145",
            "description": "Grupo de seguirdad para XMPP Openfire",
            "egress": [
              {
                "cidr_blocks": [
                  "0.0.0.0/0"
                ],
                "description": "",
                "from_port": 0,
                "ipv6_cidr_blocks": [],
                "prefix_list_ids": [],
                "protocol": "-1",
                "security_groups": [],
                "self": false,
                "to_port": 0
              }
            ],
            "id": "sg-02b51a1e8b0ab7145",
            "ingress": [
              {
                "cidr_blocks": [
                  "0.0.0.0/0"
                ],
                "description": "",
                "from_port": 22,
                "ipv6_cidr_blocks": [],
                "prefix_list_ids": [],
                "protocol": "tcp",
                "security_groups": [],
                "self": false,
                "to_port": 22
              },
              {
                "cidr_blocks": [
                  "0.0.0.0/0"
                ],
                "description": "",
                "from_port": 26001,
                "ipv6_cidr_blocks": [],
                "prefix_list_ids": [],
                "protocol": "udp",
                "security_groups": [],
                "self": false,
                "to_port": 27000
              },
              {
                "cidr_blocks": [
                  "0.0.0.0/0"
                ],
                "description": "",
                "from_port": 3478,
                "ipv6_cidr_blocks": [],
                "prefix_list_ids": [],
                "protocol": "tcp",
                "security_groups": [],
                "self": false,
                "to_port": 3478
              },
              {
                "cidr_blocks": [
                  "0.0.0.0/0"
                ],
                "description": "",
                "from_port": 443,
                "ipv6_cidr_blocks": [],
                "prefix_list_ids": [],
                "protocol": "tcp",
                "security_groups": [],
                "self": false,
                "to_port": 443
              },
              {
                "cidr_blocks": [
                  "0.0.0.0/0"
                ],
                "description": "",
                "from_port": 50000,
                "ipv6_cidr_blocks": [],
                "prefix_list_ids": [],
                "protocol": "udp",
                "security_groups": [],
                "self": false,
                "to_port": 50010
              },
              {
                "cidr_blocks": [
                  "0.0.0.0/0"
                ],
                "description": "",
                "from_port": 5222,
                "ipv6_cidr_blocks": [],
                "prefix_list_ids": [],
                "protocol": "tcp",
                "security_groups": [],
                "self": false,
                "to_port": 5223
              },
              {
                "cidr_blocks": [
                  "0.0.0.0/0"
                ],
                "description": "",
                "from_port": 5262,
                "ipv6_cidr_blocks": [],
                "prefix_list_ids": [],
                "protocol": "tcp",
                "security_groups": [],
                "self": false,
                "to_port": 5263
              },
              {
                "cidr_blocks": [
                  "0.0.0.0/0"
                ],
                "description": "",
                "from_port": 5269,
                "ipv6_cidr_blocks": [],
                "prefix_list_ids": [],
                "protocol": "tcp",
                "security_groups": [],
                "self": false,
                "to_port": 5270
              },
              {
                "cidr_blocks": [
                  "0.0.0.0/0"
                ],
                "description": "",
                "from_port": 5349,
                "ipv6_cidr_blocks": [],
                "prefix_list_ids": [],
                "protocol": "tcp",
                "security_groups": [],
                "self": false,
                "to_port": 5349
              },
              {
                "cidr_blocks": [
                  "0.0.0.0/0"
                ],
                "description": "",
                "from_port": 5349,
                "ipv6_cidr_blocks": [],
                "prefix_list_ids": [],
                "protocol": "udp",
                "security_groups": [],
                "self": false,
                "to_port": 5349
              },
              {
                "cidr_blocks": [
                  "0.0.0.0/0"
                ],
                "description": "",
                "from_port": 7070,
                "ipv6_cidr_blocks": [],
                "prefix_list_ids": [],
                "protocol": "tcp",
                "security_groups": [],
                "self": false,
                "to_port": 7070
              },
              {
                "cidr_blocks": [
                  "0.0.0.0/0"
                ],
                "description": "",
                "from_port": 7443,
                "ipv6_cidr_blocks": [],
                "prefix_list_ids": [],
                "protocol": "tcp",
                "security_groups": [],
                "self": false,
                "to_port": 7443
              },
              {
                "cidr_blocks": [
                  "0.0.0.0/0"
                ],
                "description": "",
                "from_port": 7777,
                "ipv6_cidr_blocks": [],
                "prefix_list_ids": [],
                "protocol": "tcp",
                "security_groups": [],
                "self": false,
                "to_port": 7777
              },
              {
                "cidr_blocks": [
                  "0.0.0.0/0"
                ],
                "description": "",
                "from_port": 80,
                "ipv6_cidr_blocks": [],
                "prefix_list_ids": [],
                "protocol": "tcp",
                "security_groups": [],
                "self": false,
                "to_port": 80
              },
              {
                "cidr_blocks": [
                  "0.0.0.0/0"
                ],
                "description": "",
                "from_port": 9090,
                "ipv6_cidr_blocks": [],
                "prefix_list_ids": [],
                "protocol": "tcp",
                "security_groups": [],
                "self": false,
                "to_port": 9091
              }
            ],
            "name": "sg_xmpp",
            "name_prefix": "",
            "owner_id": "776774896323",
            "revoke_rules_on_delete": false,
            "tags": {
              "Name": "sg_xmpp"
            },
            "tags_all": {
              "Name": "sg_xmpp"
            },
            "timeouts": null,
            "vpc_id": "vpc-0693ea8e4d89d1fe8"
          },
          "sensitive_attributes": [],
          "private": "eyJlMmJmYjczMC1lY2FhLTExZTYtOGY4OC0zNDM2M2JjN2M0YzAiOnsiY3JlYXRlIjo2MDAwMDAwMDAwMDAsImRlbGV0ZSI6OTAwMDAwMDAwMDAwfSwic2NoZW1hX3ZlcnNpb24iOiIxIn0=",
          "dependencies": [
            "aws_vpc.main"
          ]
        }
      ]
    },
    {
      "mode": "managed",
      "type": "aws_subnet",
      "name": "private1",
      "provider": "provider[\"registry.terraform.io/hashicorp/aws\"]",
      "instances": [
        {
          "schema_version": 1,
          "attributes": {
            "arn": "arn:aws:ec2:us-east-1:776774896323:subnet/subnet-01f64d42969acbdf9",
            "assign_ipv6_address_on_creation": false,
            "availability_zone": "us-east-1a",
            "availability_zone_id": "use1-az6",
            "cidr_block": "10.217.2.0/24",
            "customer_owned_ipv4_pool": "",
            "enable_dns64": false,
            "enable_lni_at_device_index": 0,
            "enable_resource_name_dns_a_record_on_launch": false,
            "enable_resource_name_dns_aaaa_record_on_launch": false,
            "id": "subnet-01f64d42969acbdf9",
            "ipv6_cidr_block": "",
            "ipv6_cidr_block_association_id": "",
            "ipv6_native": false,
            "map_customer_owned_ip_on_launch": false,
            "map_public_ip_on_launch": false,
            "outpost_arn": "",
            "owner_id": "776774896323",
            "private_dns_hostname_type_on_launch": "ip-name",
            "tags": {
              "Name": "vpc-mensagl-2025-josems-subnet-private1-us-east-1a"
            },
            "tags_all": {
              "Name": "vpc-mensagl-2025-josems-subnet-private1-us-east-1a"
            },
            "timeouts": null,
            "vpc_id": "vpc-0693ea8e4d89d1fe8"
          },
          "sensitive_attributes": [],
          "private": "eyJlMmJmYjczMC1lY2FhLTExZTYtOGY4OC0zNDM2M2JjN2M0YzAiOnsiY3JlYXRlIjo2MDAwMDAwMDAwMDAsImRlbGV0ZSI6MTIwMDAwMDAwMDAwMH0sInNjaGVtYV92ZXJzaW9uIjoiMSJ9",
          "dependencies": [
            "aws_vpc.main"
          ]
        }
      ]
    },
    {
      "mode": "managed",
      "type": "aws_subnet",
      "name": "private2",
      "provider": "provider[\"registry.terraform.io/hashicorp/aws\"]",
      "instances": [
        {
          "schema_version": 1,
          "attributes": {
            "arn": "arn:aws:ec2:us-east-1:776774896323:subnet/subnet-077795fda2f50fbdf",
            "assign_ipv6_address_on_creation": false,
            "availability_zone": "us-east-1b",
            "availability_zone_id": "use1-az1",
            "cidr_block": "10.217.3.0/24",
            "customer_owned_ipv4_pool": "",
            "enable_dns64": false,
            "enable_lni_at_device_index": 0,
            "enable_resource_name_dns_a_record_on_launch": false,
            "enable_resource_name_dns_aaaa_record_on_launch": false,
            "id": "subnet-077795fda2f50fbdf",
            "ipv6_cidr_block": "",
            "ipv6_cidr_block_association_id": "",
            "ipv6_native": false,
            "map_customer_owned_ip_on_launch": false,
            "map_public_ip_on_launch": false,
            "outpost_arn": "",
            "owner_id": "776774896323",
            "private_dns_hostname_type_on_launch": "ip-name",
            "tags": {
              "Name": "vpc-mensagl-2025-josems-subnet-private2-us-east-1b"
            },
            "tags_all": {
              "Name": "vpc-mensagl-2025-josems-subnet-private2-us-east-1b"
            },
            "timeouts": null,
            "vpc_id": "vpc-0693ea8e4d89d1fe8"
          },
          "sensitive_attributes": [],
          "private": "eyJlMmJmYjczMC1lY2FhLTExZTYtOGY4OC0zNDM2M2JjN2M0YzAiOnsiY3JlYXRlIjo2MDAwMDAwMDAwMDAsImRlbGV0ZSI6MTIwMDAwMDAwMDAwMH0sInNjaGVtYV92ZXJzaW9uIjoiMSJ9",
          "dependencies": [
            "aws_vpc.main"
          ]
        }
      ]
    },
    {
      "mode": "managed",
      "type": "aws_subnet",
      "name": "public1",
      "provider": "provider[\"registry.terraform.io/hashicorp/aws\"]",
      "instances": [
        {
          "schema_version": 1,
          "attributes": {
            "arn": "arn:aws:ec2:us-east-1:776774896323:subnet/subnet-00a0b18598a612552",
            "assign_ipv6_address_on_creation": false,
            "availability_zone": "us-east-1a",
            "availability_zone_id": "use1-az6",
            "cidr_block": "10.217.1.0/24",
            "customer_owned_ipv4_pool": "",
            "enable_dns64": false,
            "enable_lni_at_device_index": 0,
            "enable_resource_name_dns_a_record_on_launch": false,
            "enable_resource_name_dns_aaaa_record_on_launch": false,
            "id": "subnet-00a0b18598a612552",
            "ipv6_cidr_block": "",
            "ipv6_cidr_block_association_id": "",
            "ipv6_native": false,
            "map_customer_owned_ip_on_launch": false,
            "map_public_ip_on_launch": true,
            "outpost_arn": "",
            "owner_id": "776774896323",
            "private_dns_hostname_type_on_launch": "ip-name",
            "tags": {
              "Name": "vpc-mensagl-2025-josems-subnet-public1-us-east-1a"
            },
            "tags_all": {
              "Name": "vpc-mensagl-2025-josems-subnet-public1-us-east-1a"
            },
            "timeouts": null,
            "vpc_id": "vpc-0693ea8e4d89d1fe8"
          },
          "sensitive_attributes": [],
          "private": "eyJlMmJmYjczMC1lY2FhLTExZTYtOGY4OC0zNDM2M2JjN2M0YzAiOnsiY3JlYXRlIjo2MDAwMDAwMDAwMDAsImRlbGV0ZSI6MTIwMDAwMDAwMDAwMH0sInNjaGVtYV92ZXJzaW9uIjoiMSJ9",
          "dependencies": [
            "aws_vpc.main"
          ]
        }
      ]
    },
    {
      "mode": "managed",
      "type": "aws_vpc",
      "name": "main",
      "provider": "provider[\"registry.terraform.io/hashicorp/aws\"]",
      "instances": [
        {
          "schema_version": 1,
          "attributes": {
            "arn": "arn:aws:ec2:us-east-1:776774896323:vpc/vpc-0693ea8e4d89d1fe8",
            "assign_generated_ipv6_cidr_block": false,
            "cidr_block": "10.217.0.0/16",
            "default_network_acl_id": "acl-04b46f9976696313e",
            "default_route_table_id": "rtb-0284d4b4b3347579f",
            "default_security_group_id": "sg-00cbcf76f5bd09a25",
            "dhcp_options_id": "dopt-0b281df1f1c7f9b29",
            "enable_dns_hostnames": true,
            "enable_dns_support": true,
            "enable_network_address_usage_metrics": false,
            "id": "vpc-0693ea8e4d89d1fe8",
            "instance_tenancy": "default",
            "ipv4_ipam_pool_id": null,
            "ipv4_netmask_length": null,
            "ipv6_association_id": "",
            "ipv6_cidr_block": "",
            "ipv6_cidr_block_network_border_group": "",
            "ipv6_ipam_pool_id": "",
            "ipv6_netmask_length": 0,
            "main_route_table_id": "rtb-0284d4b4b3347579f",
            "owner_id": "776774896323",
            "tags": {
              "Name": "vpc-mensagl-2025-josems-vpc"
            },
            "tags_all": {
              "Name": "vpc-mensagl-2025-josems-vpc"
            }
          },
          "sensitive_attributes": [],
          "private": "eyJzY2hlbWFfdmVyc2lvbiI6IjEifQ=="
        }
      ]
    },
    {
      "mode": "managed",
      "type": "local_file",
      "name": "private_key_file",
      "provider": "provider[\"registry.terraform.io/hashicorp/local\"]",
      "instances": [
        {
          "schema_version": 0,
          "attributes": {
            "content": "-----BEGIN RSA PRIVATE KEY-----\nMIIEowIBAAKCAQEAySP7srvwWIbJsnrY/tDwCWQY21rOkC5Sxhc3bJg8zrOXMqpW\nBKSpmNCHlt4Vxk2slm3RWJBvDVcmcomr6/7kAPkTAeN8hnhQurbCbCxsakqMlry3\nnwnIx6xTMLlWSMypYp1/HhJNlWtIPX4NfXRX6E39hip3bQi2xEqJzPyXb49OjAdT\n/QkAd1Mms+i/ty43ZIM4iF13jqCJTEafKdnZsPE+wkrSjaw5H7DyxgBayWEYb+Fw\nuUXOvwbaLVcp5DJ8BUMeoO0P7uaY7XKZs+BWMc78ZMMLPZYho9VmyDsjFwInhlbL\nAmsedRaOWFssOUI9Cbjg9WsZccx3QSeHxO91wwIDAQABAoIBAH+vMwG0Yo+gCPwf\nFg80jZw4ibr9+zD15x/O7yUlwzwoL2w/S1mpOexDPD+efc4j0tKvpfyFu6mJUGPX\nV2b5qL2hX9qMEam/SOguSl+nF6+l4XdzF1GDQYzXrPu6O7b9DO4IMwDg95VJxFMc\n6O1h5MgYcj8wSB3UMUmMU8vn8S4kd8VumAdpDpVJqxCyjj7AhYxUQ+W4S1HolTg3\nQwbNB+nwdrlmZIUhRFdyBgwLm/XR/reZjsSz8PLFAgGg8X7yAtkYu/4gCZRfWLP1\ntayZGhGOS8EH/mK4OP+DCD9SkYuhbMZB6r7Pz2MSGvXjQXdwvFzoxgZPtHQSrkEq\n1cwWCdkCgYEA4AVQ7qkCDaVRhvrYLZgnqb5hyxHEXWy4fdbeE537d/WbznyY1Bvv\n9FGLNIyyx1XUnId/tJaJxgXSR3a+SDJ+/hRvUbuJiw2Bo+srfc7Om7S5c8KWgk4s\nreOi1PW87gGZOlzNHTdh4o9u5qjbhcZ/jBkBc4m16yLu9pkD34esap0CgYEA5dqG\nllJUCdNm0H+pdvhx+K6hK7uTlqB4Xz0KTeON5zYo1BZhjQ1kqO3V0EC9C3obyx97\n2pTD1rdu9tAadY4QTIDuJ6QhuPj+POQcev5l5ZIYgpOXij3SLChWaJR3w/udb+MY\ndmCSmFvdaTQ1LfXbhXf8ZSmPcYqgUsviQ+Pdw98CgYAZwaK3fekFhp9kBI08WMUe\nqAv4XBeWojxoA39PBBf4h92dFQhBQuEI1yNJLHAVqRGj2ZReP/yhLuQpYUapaFzf\ne5v86rH6sdfY7931PgTVNCcqXxIM804BxC1hjMtnFfn3EtpmZIq1kMYwcPOkYtkh\nU3KuRQQMf9y3r4oZdjDlpQKBgF+VKQSXxdS0MXwgqmML27EzRVh/T1eC8auBIajU\nKO1uKzpO+FAEsshA5voMAdEk/SvRstpppKrEawN99JLP+d0mfGLFsTRPbsH5hhJr\negomX8TlBU56eMzeFVi17Lv2BTlC8ahAbpWnFgKqsDall50AEVgsGTd5E0R6/mOG\n/XB3AoGBAKkrSf0DvEMJjDy4bGEpp/Lz7Arl+EYDTTJusilt1mdp9dHiw2fNL50a\n8ok1bWoF7J35kEtnyAwYkdsolmbvCRnMuVMyfzrpVdeaU4hkvoLWUcnb7rd0ZkH/\n6R+ckTIPej4sK6oujS4Cpurs0/y2sR4hNpe5VqIZJRjiwlp3HHPY\n-----END RSA PRIVATE KEY-----\n",
            "content_base64": null,
            "content_base64sha256": "SIN42FAmTB9DX66b1fYbF7ylt4dkuIlkGPRGNecZqf8=",
            "content_base64sha512": "Fu+12xrPpDuh/4xjRkOZcBlQIjXIN21sD8UqPK3yFhYoTAEVhETR3DbfW37TNDUEdJ1gGGyot9LzdkZrLcXl8g==",
            "content_md5": "36014df1bfc22c8be866cdf9caec87da",
            "content_sha1": "ab94f5e519b4b5565ea9d3db112fb858fbc7ac94",
            "content_sha256": "488378d850264c1f435fae9bd5f61b17bca5b78764b8896418f44635e719a9ff",
            "content_sha512": "16efb5db1acfa43ba1ff8c634643997019502235c8376d6c0fc52a3cadf21616284c01158444d1dc36df5b7ed3343504749d60186ca8b7d2f376466b2dc5e5f2",
            "directory_permission": "0777",
            "file_permission": "0777",
            "filename": "./.ssh/./ssh-mensagl-2025-josems.pem",
            "id": "ab94f5e519b4b5565ea9d3db112fb858fbc7ac94",
            "sensitive_content": null,
            "source": null
          },
          "sensitive_attributes": [
            [
              {
                "type": "get_attr",
                "value": "sensitive_content"
              }
            ],
            [
              {
                "type": "get_attr",
                "value": "content"
              }
            ]
          ],
          "dependencies": [
            "tls_private_key.ssh_key"
          ]
        }
      ]
    },
    {
      "mode": "managed",
      "type": "tls_private_key",
      "name": "ssh_key",
      "provider": "provider[\"registry.terraform.io/hashicorp/tls\"]",
      "instances": [
        {
          "schema_version": 1,
          "attributes": {
            "algorithm": "RSA",
            "ecdsa_curve": "P224",
            "id": "3ac5a73f551bcd5cf96f34931c8e2d58b9cd914f",
            "private_key_openssh": "-----BEGIN OPENSSH PRIVATE KEY-----\nb3BlbnNzaC1rZXktdjEAAAAABG5vbmUAAAAEbm9uZQAAAAAAAAABAAABFwAAAAdz\nc2gtcnNhAAAAAwEAAQAAAQEAySP7srvwWIbJsnrY/tDwCWQY21rOkC5Sxhc3bJg8\nzrOXMqpWBKSpmNCHlt4Vxk2slm3RWJBvDVcmcomr6/7kAPkTAeN8hnhQurbCbCxs\nakqMlry3nwnIx6xTMLlWSMypYp1/HhJNlWtIPX4NfXRX6E39hip3bQi2xEqJzPyX\nb49OjAdT/QkAd1Mms+i/ty43ZIM4iF13jqCJTEafKdnZsPE+wkrSjaw5H7DyxgBa\nyWEYb+FwuUXOvwbaLVcp5DJ8BUMeoO0P7uaY7XKZs+BWMc78ZMMLPZYho9VmyDsj\nFwInhlbLAmsedRaOWFssOUI9Cbjg9WsZccx3QSeHxO91wwAAA7i35CJ/t+QifwAA\nAAdzc2gtcnNhAAABAQDJI/uyu/BYhsmyetj+0PAJZBjbWs6QLlLGFzdsmDzOs5cy\nqlYEpKmY0IeW3hXGTayWbdFYkG8NVyZyiavr/uQA+RMB43yGeFC6tsJsLGxqSoyW\nvLefCcjHrFMwuVZIzKlinX8eEk2Va0g9fg19dFfoTf2GKndtCLbESonM/Jdvj06M\nB1P9CQB3Uyaz6L+3LjdkgziIXXeOoIlMRp8p2dmw8T7CStKNrDkfsPLGAFrJYRhv\n4XC5Rc6/BtotVynkMnwFQx6g7Q/u5pjtcpmz4FYxzvxkwws9liGj1WbIOyMXAieG\nVssCax51Fo5YWyw5Qj0JuOD1axlxzHdBJ4fE73XDAAAAAwEAAQAAAQB/rzMBtGKP\noAj8HxYPNI2cOIm6/fsw9ecfzu8lJcM8KC9sP0tZqTnsQzw/nn3OI9LSr6X8hbup\niVBj11dm+ai9oV/ajBGpv0joLkpfpxevpeF3cxdRg0GM16z7uju2/QzuCDMA4PeV\nScRTHOjtYeTIGHI/MEgd1DFJjFPL5/EuJHfFbpgHaQ6VSasQso4+wIWMVEPluEtR\n6JU4N0MGzQfp8Ha5ZmSFIURXcgYMC5v10f63mY7Es/DyxQIBoPF+8gLZGLv+IAmU\nX1iz9bWsmRoRjkvBB/5iuDj/gwg/UpGLoWzGQeq+z89jEhr140F3cLxc6MYGT7R0\nEq5BKtXMFgnZAAAAgQCpK0n9A7xDCYw8uGxhKafy8+wK5fhGA00ybrIpbdZnafXR\n4sNnzS+dGvKJNW1qBeyd+ZBLZ8gMGJHbKJZm7wkZzLlTMn866VXXmlOIZL6C1lHJ\n2+63dGZB/+kfnJEyD3o+LCuqLo0uAqbq7NP8trEeITaXuVaiGSUY4sJadxxz2AAA\nAIEA4AVQ7qkCDaVRhvrYLZgnqb5hyxHEXWy4fdbeE537d/WbznyY1Bvv9FGLNIyy\nx1XUnId/tJaJxgXSR3a+SDJ+/hRvUbuJiw2Bo+srfc7Om7S5c8KWgk4sreOi1PW8\n7gGZOlzNHTdh4o9u5qjbhcZ/jBkBc4m16yLu9pkD34esap0AAACBAOXahpZSVAnT\nZtB/qXb4cfiuoSu7k5ageF89Ck3jjec2KNQWYY0NZKjt1dBAvQt6G8sfe9qUw9a3\nbvbQGnWOEEyA7iekIbj4/jzkHHr+ZeWSGIKTl4o90iwoVmiUd8P7nW/jGHZgkphb\n3Wk0NS3124V3/GUpj3GKoFLL4kPj3cPfAAAAAAEC\n-----END OPENSSH PRIVATE KEY-----\n",
            "private_key_pem": "-----BEGIN RSA PRIVATE KEY-----\nMIIEowIBAAKCAQEAySP7srvwWIbJsnrY/tDwCWQY21rOkC5Sxhc3bJg8zrOXMqpW\nBKSpmNCHlt4Vxk2slm3RWJBvDVcmcomr6/7kAPkTAeN8hnhQurbCbCxsakqMlry3\nnwnIx6xTMLlWSMypYp1/HhJNlWtIPX4NfXRX6E39hip3bQi2xEqJzPyXb49OjAdT\n/QkAd1Mms+i/ty43ZIM4iF13jqCJTEafKdnZsPE+wkrSjaw5H7DyxgBayWEYb+Fw\nuUXOvwbaLVcp5DJ8BUMeoO0P7uaY7XKZs+BWMc78ZMMLPZYho9VmyDsjFwInhlbL\nAmsedRaOWFssOUI9Cbjg9WsZccx3QSeHxO91wwIDAQABAoIBAH+vMwG0Yo+gCPwf\nFg80jZw4ibr9+zD15x/O7yUlwzwoL2w/S1mpOexDPD+efc4j0tKvpfyFu6mJUGPX\nV2b5qL2hX9qMEam/SOguSl+nF6+l4XdzF1GDQYzXrPu6O7b9DO4IMwDg95VJxFMc\n6O1h5MgYcj8wSB3UMUmMU8vn8S4kd8VumAdpDpVJqxCyjj7AhYxUQ+W4S1HolTg3\nQwbNB+nwdrlmZIUhRFdyBgwLm/XR/reZjsSz8PLFAgGg8X7yAtkYu/4gCZRfWLP1\ntayZGhGOS8EH/mK4OP+DCD9SkYuhbMZB6r7Pz2MSGvXjQXdwvFzoxgZPtHQSrkEq\n1cwWCdkCgYEA4AVQ7qkCDaVRhvrYLZgnqb5hyxHEXWy4fdbeE537d/WbznyY1Bvv\n9FGLNIyyx1XUnId/tJaJxgXSR3a+SDJ+/hRvUbuJiw2Bo+srfc7Om7S5c8KWgk4s\nreOi1PW87gGZOlzNHTdh4o9u5qjbhcZ/jBkBc4m16yLu9pkD34esap0CgYEA5dqG\nllJUCdNm0H+pdvhx+K6hK7uTlqB4Xz0KTeON5zYo1BZhjQ1kqO3V0EC9C3obyx97\n2pTD1rdu9tAadY4QTIDuJ6QhuPj+POQcev5l5ZIYgpOXij3SLChWaJR3w/udb+MY\ndmCSmFvdaTQ1LfXbhXf8ZSmPcYqgUsviQ+Pdw98CgYAZwaK3fekFhp9kBI08WMUe\nqAv4XBeWojxoA39PBBf4h92dFQhBQuEI1yNJLHAVqRGj2ZReP/yhLuQpYUapaFzf\ne5v86rH6sdfY7931PgTVNCcqXxIM804BxC1hjMtnFfn3EtpmZIq1kMYwcPOkYtkh\nU3KuRQQMf9y3r4oZdjDlpQKBgF+VKQSXxdS0MXwgqmML27EzRVh/T1eC8auBIajU\nKO1uKzpO+FAEsshA5voMAdEk/SvRstpppKrEawN99JLP+d0mfGLFsTRPbsH5hhJr\negomX8TlBU56eMzeFVi17Lv2BTlC8ahAbpWnFgKqsDall50AEVgsGTd5E0R6/mOG\n/XB3AoGBAKkrSf0DvEMJjDy4bGEpp/Lz7Arl+EYDTTJusilt1mdp9dHiw2fNL50a\n8ok1bWoF7J35kEtnyAwYkdsolmbvCRnMuVMyfzrpVdeaU4hkvoLWUcnb7rd0ZkH/\n6R+ckTIPej4sK6oujS4Cpurs0/y2sR4hNpe5VqIZJRjiwlp3HHPY\n-----END RSA PRIVATE KEY-----\n",
            "private_key_pem_pkcs8": "-----BEGIN PRIVATE KEY-----\nMIIEvQIBADANBgkqhkiG9w0BAQEFAASCBKcwggSjAgEAAoIBAQDJI/uyu/BYhsmy\netj+0PAJZBjbWs6QLlLGFzdsmDzOs5cyqlYEpKmY0IeW3hXGTayWbdFYkG8NVyZy\niavr/uQA+RMB43yGeFC6tsJsLGxqSoyWvLefCcjHrFMwuVZIzKlinX8eEk2Va0g9\nfg19dFfoTf2GKndtCLbESonM/Jdvj06MB1P9CQB3Uyaz6L+3LjdkgziIXXeOoIlM\nRp8p2dmw8T7CStKNrDkfsPLGAFrJYRhv4XC5Rc6/BtotVynkMnwFQx6g7Q/u5pjt\ncpmz4FYxzvxkwws9liGj1WbIOyMXAieGVssCax51Fo5YWyw5Qj0JuOD1axlxzHdB\nJ4fE73XDAgMBAAECggEAf68zAbRij6AI/B8WDzSNnDiJuv37MPXnH87vJSXDPCgv\nbD9LWak57EM8P559ziPS0q+l/IW7qYlQY9dXZvmovaFf2owRqb9I6C5KX6cXr6Xh\nd3MXUYNBjNes+7o7tv0M7ggzAOD3lUnEUxzo7WHkyBhyPzBIHdQxSYxTy+fxLiR3\nxW6YB2kOlUmrELKOPsCFjFRD5bhLUeiVODdDBs0H6fB2uWZkhSFEV3IGDAub9dH+\nt5mOxLPw8sUCAaDxfvIC2Ri7/iAJlF9Ys/W1rJkaEY5LwQf+Yrg4/4MIP1KRi6Fs\nxkHqvs/PYxIa9eNBd3C8XOjGBk+0dBKuQSrVzBYJ2QKBgQDgBVDuqQINpVGG+tgt\nmCepvmHLEcRdbLh91t4Tnft39ZvOfJjUG+/0UYs0jLLHVdSch3+0lonGBdJHdr5I\nMn7+FG9Ru4mLDYGj6yt9zs6btLlzwpaCTiyt46LU9bzuAZk6XM0dN2Hij27mqNuF\nxn+MGQFzibXrIu72mQPfh6xqnQKBgQDl2oaWUlQJ02bQf6l2+HH4rqEru5OWoHhf\nPQpN443nNijUFmGNDWSo7dXQQL0LehvLH3valMPWt2720Bp1jhBMgO4npCG4+P48\n5Bx6/mXlkhiCk5eKPdIsKFZolHfD+51v4xh2YJKYW91pNDUt9duFd/xlKY9xiqBS\ny+JD493D3wKBgBnBord96QWGn2QEjTxYxR6oC/hcF5aiPGgDf08EF/iH3Z0VCEFC\n4QjXI0kscBWpEaPZlF4//KEu5ClhRqloXN97m/zqsfqx19jv3fU+BNU0JypfEgzz\nTgHELWGMy2cV+fcS2mZkirWQxjBw86Ri2SFTcq5FBAx/3Levihl2MOWlAoGAX5Up\nBJfF1LQxfCCqYwvbsTNFWH9PV4Lxq4EhqNQo7W4rOk74UASyyEDm+gwB0ST9K9Gy\n2mmkqsRrA330ks/53SZ8YsWxNE9uwfmGEmt6CiZfxOUFTnp4zN4VWLXsu/YFOULx\nqEBulacWAqqwNqWXnQARWCwZN3kTRHr+Y4b9cHcCgYEAqStJ/QO8QwmMPLhsYSmn\n8vPsCuX4RgNNMm6yKW3WZ2n10eLDZ80vnRryiTVtagXsnfmQS2fIDBiR2yiWZu8J\nGcy5UzJ/OulV15pTiGS+gtZRydvut3RmQf/pH5yRMg96Piwrqi6NLgKm6uzT/Lax\nHiE2l7lWohklGOLCWnccc9g=\n-----END PRIVATE KEY-----\n",
            "public_key_fingerprint_md5": "d8:63:40:64:6e:36:57:e8:66:a9:e6:76:62:63:ef:bc",
            "public_key_fingerprint_sha256": "SHA256:y6WfOYPEIeM4Gw+3EkFiy8zQWhn3Mag6t7LzDGGPJF8",
            "public_key_openssh": "ssh-rsa AAAAB3NzaC1yc2EAAAADAQABAAABAQDJI/uyu/BYhsmyetj+0PAJZBjbWs6QLlLGFzdsmDzOs5cyqlYEpKmY0IeW3hXGTayWbdFYkG8NVyZyiavr/uQA+RMB43yGeFC6tsJsLGxqSoyWvLefCcjHrFMwuVZIzKlinX8eEk2Va0g9fg19dFfoTf2GKndtCLbESonM/Jdvj06MB1P9CQB3Uyaz6L+3LjdkgziIXXeOoIlMRp8p2dmw8T7CStKNrDkfsPLGAFrJYRhv4XC5Rc6/BtotVynkMnwFQx6g7Q/u5pjtcpmz4FYxzvxkwws9liGj1WbIOyMXAieGVssCax51Fo5YWyw5Qj0JuOD1axlxzHdBJ4fE73XD\n",
            "public_key_pem": "-----BEGIN PUBLIC KEY-----\nMIIBIjANBgkqhkiG9w0BAQEFAAOCAQ8AMIIBCgKCAQEAySP7srvwWIbJsnrY/tDw\nCWQY21rOkC5Sxhc3bJg8zrOXMqpWBKSpmNCHlt4Vxk2slm3RWJBvDVcmcomr6/7k\nAPkTAeN8hnhQurbCbCxsakqMlry3nwnIx6xTMLlWSMypYp1/HhJNlWtIPX4NfXRX\n6E39hip3bQi2xEqJzPyXb49OjAdT/QkAd1Mms+i/ty43ZIM4iF13jqCJTEafKdnZ\nsPE+wkrSjaw5H7DyxgBayWEYb+FwuUXOvwbaLVcp5DJ8BUMeoO0P7uaY7XKZs+BW\nMc78ZMMLPZYho9VmyDsjFwInhlbLAmsedRaOWFssOUI9Cbjg9WsZccx3QSeHxO91\nwwIDAQAB\n-----END PUBLIC KEY-----\n",
            "rsa_bits": 2048
          },
          "sensitive_attributes": [
            [
              {
                "type": "get_attr",
                "value": "private_key_pem_pkcs8"
              }
            ],
            [
              {
                "type": "get_attr",
                "value": "private_key_pem"
              }
            ],
            [
              {
                "type": "get_attr",
                "value": "private_key_openssh"
              }
            ]
          ]
        }
      ]
    }
  ],
  "check_results": null
}
